
Microsoft Visual Studio Solution File, Format Version 12.00
# Visual Studio Version 17
VisualStudioVersion = 17.2.32616.157
MinimumVisualStudioVersion = 10.0.40219.1
Project("{FAE04EC0-301F-11D3-BF4B-00C04F79EFBC}") = "monopoly_banking_system", "monopoly_banking_system\monopoly_banking_system.csproj", "{C2F5400D-9139-4040-9A13-7A27D1EF2601}"
EndProject
Global
	GlobalSection(SolutionConfigurationPlatforms) = preSolution
		Debug|Any CPU = Debug|Any CPU
		Release|Any CPU = Release|Any CPU
	EndGlobalSection
	GlobalSection(ProjectConfigurationPlatforms) = postSolution
		{C2F5400D-9139-4040-9A13-7A27D1EF2601}.Debug|Any CPU.ActiveCfg = Debug|Any CPU
		{C2F5400D-9139-4040-9A13-7A27D1EF2601}.Debug|Any CPU.Build.0 = Debug|Any CPU
		{C2F5400D-9139-4040-9A13-7A27D1EF2601}.Release|Any CPU.ActiveCfg = Release|Any CPU
		{C2F5400D-9139-4040-9A13-7A27D1EF2601}.Release|Any CPU.Build.0 = Release|Any CPU
	EndGlobalSection
	GlobalSection(SolutionProperties) = preSolution
		HideSolutionNode = FALSE
	EndGlobalSection
	GlobalSection(ExtensibilityGlobals) = postSolution
		SolutionGuid = {6A2D848C-4022-4005-B60C-E14DA0F94816}
	EndGlobalSection
EndGlobal
